// !$*UTF8*$!
{
	archiveVersion = 1;
	classes = {
	};
	objectVersion = 48;
	objects = {

/* Begin PBXBuildFile section */
		8476A9FE20F9B52E00F7E2AE /* Assets.xcassets in Resources */ = {isa = PBXBuildFile; fileRef = 8476A9FD20F9B52E00F7E2AE /* Assets.xcassets */; };
		8476AA0020F9B83500F7E2AE /* WelcomeViewController.swift in Sources */ = {isa = PBXBuildFile; fileRef = 8476A9FF20F9B83500F7E2AE /* WelcomeViewController.swift */; };
		849E96EE20F9A003006D2BEB /* AppDelegate.swift in Sources */ = {isa = PBXBuildFile; fileRef = 849E96ED20F9A003006D2BEB /* AppDelegate.swift */; };
		849E96F320F9A003006D2BEB /* Main.storyboard in Resources */ = {isa = PBXBuildFile; fileRef = 849E96F120F9A003006D2BEB /* Main.storyboard */; };
		849E96F820F9A003006D2BEB /* LaunchScreen.storyboard in Resources */ = {isa = PBXBuildFile; fileRef = 849E96F620F9A003006D2BEB /* LaunchScreen.storyboard */; };
		849E970320F9A003006D2BEB /* NHSCTests.swift in Sources */ = {isa = PBXBuildFile; fileRef = 849E970220F9A003006D2BEB /* NHSCTests.swift */; };
/* End PBXBuildFile section */

/* Begin PBXContainerItemProxy section */
		849E96FF20F9A003006D2BEB /* PBXContainerItemProxy */ = {
			isa = PBXContainerItemProxy;
			containerPortal = 849E96E220F9A003006D2BEB /* Project object */;
			proxyType = 1;
			remoteGlobalIDString = 849E96E920F9A003006D2BEB;
			remoteInfo = NHSC;
		};
/* End PBXContainerItemProxy section */

/* Begin PBXFileReference section */
		8476A9FD20F9B52E00F7E2AE /* Assets.xcassets */ = {isa = PBXFileReference; lastKnownFileType = folder.assetcatalog; path = Assets.xcassets; sourceTree = "<group>"; };
		8476A9FF20F9B83500F7E2AE /* WelcomeViewController.swift */ = {isa = PBXFileReference; lastKnownFileType = sourcecode.swift; path = WelcomeViewController.swift; sourceTree = "<group>"; };
		849E96EA20F9A003006D2BEB /* NHSC.app */ = {isa = PBXFileReference; explicitFileType = wrapper.application; includeInIndex = 0; path = NHSC.app; sourceTree = BUILT_PRODUCTS_DIR; };
		849E96ED20F9A003006D2BEB /* AppDelegate.swift */ = {isa = PBXFileReference; lastKnownFileType = sourcecode.swift; path = AppDelegate.swift; sourceTree = "<group>"; };
		849E96F220F9A003006D2BEB /* Base */ = {isa = PBXFileReference; lastKnownFileType = file.storyboard; name = Base; path = Base.lproj/Main.storyboard; sourceTree = "<group>"; };
		849E96F720F9A003006D2BEB /* Base */ = {isa = PBXFileReference; lastKnownFileType = file.storyboard; name = Base; path = Base.lproj/LaunchScreen.storyboard; sourceTree = "<group>"; };
		849E96F920F9A003006D2BEB /* Info.plist */ = {isa = PBXFileReference; lastKnownFileType = text.plist.xml; path = Info.plist; sourceTree = "<group>"; };
		849E96FE20F9A003006D2BEB /* NHSCTests.xctest */ = {isa = PBXFileReference; explicitFileType = wrapper.cfbundle; includeInIndex = 0; path = NHSCTests.xctest; sourceTree = BUILT_PRODUCTS_DIR; };
		849E970220F9A003006D2BEB /* NHSCTests.swift */ = {isa = PBXFileReference; lastKnownFileType = sourcecode.swift; path = NHSCTests.swift; sourceTree = "<group>"; };
		849E970420F9A003006D2BEB /* Info.plist */ = {isa = PBXFileReference; lastKnownFileType = text.plist.xml; path = Info.plist; sourceTree = "<group>"; };
/* End PBXFileReference section */

/* Begin PBXFrameworksBuildPhase section */
		849E96E720F9A003006D2BEB /* Frameworks */ = {
			isa = PBXFrameworksBuildPhase;
			buildActionMask = 2147483647;
			files = (
			);
			runOnlyForDeploymentPostprocessing = 0;
		};
		849E96FB20F9A003006D2BEB /* Frameworks */ = {
			isa = PBXFrameworksBuildPhase;
			buildActionMask = 2147483647;
			files = (
			);
			runOnlyForDeploymentPostprocessing = 0;
		};
/* End PBXFrameworksBuildPhase section */

/* Begin PBXGroup section */
		849E96E120F9A003006D2BEB = {
			isa = PBXGroup;
			children = (
				849E96EC20F9A003006D2BEB /* NHSC */,
				849E970120F9A003006D2BEB /* NHSCTests */,
				849E96EB20F9A003006D2BEB /* Products */,
			);
			sourceTree = "<group>";
		};
		849E96EB20F9A003006D2BEB /* Products */ = {
			isa = PBXGroup;
			children = (
				849E96EA20F9A003006D2BEB /* NHSC.app */,
				849E96FE20F9A003006D2BEB /* NHSCTests.xctest */,
			);
			name = Products;
			sourceTree = "<group>";
		};
		849E96EC20F9A003006D2BEB /* NHSC */ = {
			isa = PBXGroup;
			children = (
				849E96ED20F9A003006D2BEB /* AppDelegate.swift */,
				8476A9FF20F9B83500F7E2AE /* WelcomeViewController.swift */,
				849E96F120F9A003006D2BEB /* Main.storyboard */,
				849E96F620F9A003006D2BEB /* LaunchScreen.storyboard */,
				8476A9FD20F9B52E00F7E2AE /* Assets.xcassets */,
				849E96F920F9A003006D2BEB /* Info.plist */,
			);
			path = NHSC;
			sourceTree = "<group>";
		};
		849E970120F9A003006D2BEB /* NHSCTests */ = {
			isa = PBXGroup;
			children = (
				849E970220F9A003006D2BEB /* NHSCTests.swift */,
				849E970420F9A003006D2BEB /* Info.plist */,
			);
			path = NHSCTests;
			sourceTree = "<group>";
		};
/* End PBXGroup section */

/* Begin PBXNativeTarget section */
		849E96E920F9A003006D2BEB /* NHSC */ = {
			isa = PBXNativeTarget;
			buildConfigurationList = 849E970720F9A003006D2BEB /* Build configuration list for PBXNativeTarget "NHSC" */;
			buildPhases = (
				849E96E620F9A003006D2BEB /* Sources */,
				849E96E720F9A003006D2BEB /* Frameworks */,
				849E96E820F9A003006D2BEB /* Resources */,
			);
			buildRules = (
			);
			dependencies = (
			);
			name = NHSC;
			productName = NHSC;
			productReference = 849E96EA20F9A003006D2BEB /* NHSC.app */;
			productType = "com.apple.product-type.application";
		};
		849E96FD20F9A003006D2BEB /* NHSCTests */ = {
			isa = PBXNativeTarget;
			buildConfigurationList = 849E970A20F9A003006D2BEB /* Build configuration list for PBXNativeTarget "NHSCTests" */;
			buildPhases = (
				849E96FA20F9A003006D2BEB /* Sources */,
				849E96FB20F9A003006D2BEB /* Frameworks */,
				849E96FC20F9A003006D2BEB /* Resources */,
			);
			buildRules = (
			);
			dependencies = (
				849E970020F9A003006D2BEB /* PBXTargetDependency */,
			);
			name = NHSCTests;
			productName = NHSCTests;
			productReference = 849E96FE20F9A003006D2BEB /* NHSCTests.xctest */;
			productType = "com.apple.product-type.bundle.unit-test";
		};
/* End PBXNativeTarget section */

/* Begin PBXProject section */
		849E96E220F9A003006D2BEB /* Project object */ = {
			isa = PBXProject;
			attributes = {
				LastSwiftUpdateCheck = 0910;
				LastUpgradeCheck = 0910;
				ORGANIZATIONNAME = myspace;
				TargetAttributes = {
					849E96E920F9A003006D2BEB = {
						CreatedOnToolsVersion = 9.1;
						ProvisioningStyle = Automatic;
					};
					849E96FD20F9A003006D2BEB = {
						CreatedOnToolsVersion = 9.1;
						ProvisioningStyle = Automatic;
						TestTargetID = 849E96E920F9A003006D2BEB;
					};
				};
			};
			buildConfigurationList = 849E96E520F9A003006D2BEB /* Build configuration list for PBXProject "NHSC" */;
			compatibilityVersion = "Xcode 8.0";
			developmentRegion = en;
			hasScannedForEncodings = 0;
			knownRegions = (
				en,
				Base,
			);
			mainGroup = 849E96E120F9A003006D2BEB;
			productRefGroup = 849E96EB20F9A003006D2BEB /* Products */;
			projectDirPath = "";
			projectRoot = "";
			targets = (
				849E96E920F9A003006D2BEB /* NHSC */,
				849E96FD20F9A003006D2BEB /* NHSCTests */,
			);
		};
/* End PBXProject section */

/* Begin PBXResourcesBuildPhase section */
		849E96E820F9A003006D2BEB /* Resources */ = {
			isa = PBXResourcesBuildPhase;
			buildActionMask = 2147483647;
			files = (
				849E96F820F9A003006D2BEB /* LaunchScreen.storyboard in Resources */,
				8476A9FE20F9B52E00F7E2AE /* Assets.xcassets in Resources */,
				849E96F320F9A003006D2BEB /* Main.storyboard in Resources */,
			);
			runOnlyForDeploymentPostprocessing = 0;
		};
		849E96FC20F9A003006D2BEB /* Resources */ = {
			isa = PBXResourcesBuildPhase;
			buildActionMask = 2147483647;
			files = (
			);
			runOnlyForDeploymentPostprocessing = 0;
		};
/* End PBXResourcesBuildPhase section */

/* Begin PBXSourcesBuildPhase section */
		849E96E620F9A003006D2BEB /* Sources */ = {
			isa = PBXSourcesBuildPhase;
			buildActionMask = 2147483647;
			files = (
				849E96EE20F9A003006D2BEB /* AppDelegate.swift in Sources */,
				8476AA0020F9B83500F7E2AE /* WelcomeViewController.swift in Sources */,
			);
			runOnlyForDeploymentPostprocessing = 0;
		};
		849E96FA20F9A003006D2BEB /* Sources */ = {
			isa = PBXSourcesBuildPhase;
			buildActionMask = 2147483647;
			files = (
				849E970320F9A003006D2BEB /* NHSCTests.swift in Sources */,
			);
			runOnlyForDeploymentPostprocessing = 0;
		};
/* End PBXSourcesBuildPhase section */

/* Begin PBXTargetDependency section */
		849E970020F9A003006D2BEB /* PBXTargetDependency */ = {
			isa = PBXTargetDependency;
			target = 849E96E920F9A003006D2BEB /* NHSC */;
			targetProxy = 849E96FF20F9A003006D2BEB /* PBXContainerItemProxy */;
		};
/* End PBXTargetDependency section */

/* Begin PBXVariantGroup section */
		849E96F120F9A003006D2BEB /* Main.storyboard */ = {
			isa = PBXVariantGroup;
			children = (
				849E96F220F9A003006D2BEB /* Base */,
			);
			name = Main.storyboard;
			sourceTree = "<group>";
		};
		849E96F620F9A003006D2BEB /* LaunchScreen.storyboard */ = {
			isa = PBXVariantGroup;
			children = (
				849E96F720F9A003006D2BEB /* Base */,
			);
			name = LaunchScreen.storyboard;
			sourceTree = "<group>";
		};
/* End PBXVariantGroup section */

/* Begin XCBuildConfiguration section */
		849E970520F9A003006D2BEB /* Debug */ = {
			isa = XCBuildConfiguration;
			buildSettings = {
				ALWAYS_SEARCH_USER_PATHS = NO;
				CLANG_ANALYZER_NONNULL = YES;
				CLANG_ANALYZER_NUMBER_OBJECT_CONVERSION = YES_AGGRESSIVE;
				CLANG_CXX_LANGUAGE_STANDARD = "gnu++14";
				CLANG_CXX_LIBRARY = "libc++";
				CLANG_ENABLE_MODULES = YES;
				CLANG_ENABLE_OBJC_ARC = YES;
				CLANG_WARN_BLOCK_CAPTURE_AUTORELEASING = YES;
				CLANG_WARN_BOOL_CONVERSION = YES;
				CLANG_WARN_COMMA = YES;
				CLANG_WARN_CONSTANT_CONVERSION = YES;
				CLANG_WARN_DIRECT_OBJC_ISA_USAGE = YES_ERROR;
				CLANG_WARN_DOCUMENTATION_COMMENTS = YES;
				CLANG_WARN_EMPTY_BODY = YES;
				CLANG_WARN_ENUM_CONVERSION = YES;
				CLANG_WARN_INFINITE_RECURSION = YES;
				CLANG_WARN_INT_CONVERSION = YES;
				CLANG_WARN_NON_LITERAL_NULL_CONVERSION = YES;
				CLANG_WARN_OBJC_LITERAL_CONVERSION = YES;
				CLANG_WARN_OBJC_ROOT_CLASS = YES_ERROR;
				CLANG_WARN_RANGE_LOOP_ANALYSIS = YES;
				CLANG_WARN_STRICT_PROTOTYPES = YES;
				CLANG_WARN_SUSPICIOUS_MOVE = YES;
				CLANG_WARN_UNGUARDED_AVAILABILITY = YES_AGGRESSIVE;
				CLANG_WARN_UNREACHABLE_CODE = YES;
				CLANG_WARN__DUPLICATE_METHOD_MATCH = YES;
				CODE_SIGN_IDENTITY = "iPhone Developer";
				COPY_PHASE_STRIP = NO;
				DEBUG_INFORMATION_FORMAT = dwarf;
				ENABLE_STRICT_OBJC_MSGSEND = YES;
				ENABLE_TESTABILITY = YES;
				GCC_C_LANGUAGE_STANDARD = gnu11;
				GCC_DYNAMIC_NO_PIC = NO;
				GCC_NO_COMMON_BLOCKS = YES;
				GCC_OPTIMIZATION_LEVEL = 0;
				GCC_PREPROCESSOR_DEFINITIONS = (
					"DEBUG=1",
					"$(inherited)",
				);
				GCC_WARN_64_TO_32_BIT_CONVERSION = YES;
				GCC_WARN_ABOUT_RETURN_TYPE = YES_ERROR;
				GCC_WARN_UNDECLARED_SELECTOR = YES;
				GCC_WARN_UNINITIALIZED_AUTOS = YES_AGGRESSIVE;
				GCC_WARN_UNUSED_FUNCTION = YES;
				GCC_WARN_UNUSED_VARIABLE = YES;
				IPHONEOS_DEPLOYMENT_TARGET = 11.1;
				MTL_ENABLE_DEBUG_INFO = YES;
				ONLY_ACTIVE_ARCH = YES;
				SDKROOT = iphoneos;
				SWIFT_ACTIVE_COMPILATION_CONDITIONS = DEBUG;
				SWIFT_OPTIMIZATION_LEVEL = "-Onone";
			};
			name = Debug;
		};
		849E970620F9A003006D2BEB /* Release */ = {
			isa = XCBuildConfiguration;
			buildSettings = {
				ALWAYS_SEARCH_USER_PATHS = NO;
				CLANG_ANALYZER_NONNULL = YES;
				CLANG_ANALYZER_NUMBER_OBJECT_CONVERSION = YES_AGGRESSIVE;
				CLANG_CXX_LANGUAGE_STANDARD = "gnu++14";
				CLANG_CXX_LIBRARY = "libc++";
				CLANG_ENABLE_MODULES = YES;
				CLANG_ENABLE_OBJC_ARC = YES;
				CLANG_WARN_BLOCK_CAPTURE_AUTORELEASING = YES;
				CLANG_WARN_BOOL_CONVERSION = YES;
				CLANG_WARN_COMMA = YES;
				CLANG_WARN_CONSTANT_CONVERSION = YES;
				CLANG_WARN_DIRECT_OBJC_ISA_USAGE = YES_ERROR;
				CLANG_WARN_DOCUMENTATION_COMMENTS = YES;
				CLANG_WARN_EMPTY_BODY = YES;
				CLANG_WARN_ENUM_CONVERSION = YES;
				CLANG_WARN_INFINITE_RECURSION = YES;
				CLANG_WARN_INT_CONVERSION = YES;
				CLANG_WARN_NON_LITERAL_NULL_CONVERSION = YES;
				CLANG_WARN_OBJC_LITERAL_CONVERSION = YES;
				CLANG_WARN_OBJC_ROOT_CLASS = YES_ERROR;
				CLANG_WARN_RANGE_LOOP_ANALYSIS = YES;
				CLANG_WARN_STRICT_PROTOTYPES = YES;
				CLANG_WARN_SUSPICIOUS_MOVE = YES;
				CLANG_WARN_UNGUARDED_AVAILABILITY = YES_AGGRESSIVE;
				CLANG_WARN_UNREACHABLE_CODE = YES;
				CLANG_WARN__DUPLICATE_METHOD_MATCH = YES;
				CODE_SIGN_IDENTITY = "iPhone Developer";
				COPY_PHASE_STRIP = NO;
				DEBUG_INFORMATION_FORMAT = "dwarf-with-dsym";
				ENABLE_NS_ASSERTIONS = NO;
				ENABLE_STRICT_OBJC_MSGSEND = YES;
				GCC_C_LANGUAGE_STANDARD = gnu11;
				GCC_NO_COMMON_BLOCKS = YES;
				GCC_WARN_64_TO_32_BIT_CONVERSION = YES;
				GCC_WARN_ABOUT_RETURN_TYPE = YES_ERROR;
				GCC_WARN_UNDECLARED_SELECTOR = YES;
				GCC_WARN_UNINITIALIZED_AUTOS = YES_AGGRESSIVE;
				GCC_WARN_UNUSED_FUNCTION = YES;
				GCC_WARN_UNUSED_VARIABLE = YES;
				IPHONEOS_DEPLOYMENT_TARGET = 11.1;
				MTL_ENABLE_DEBUG_INFO = NO;
				SDKROOT = iphoneos;
				SWIFT_OPTIMIZATION_LEVEL = "-Owholemodule";
				VALIDATE_PRODUCT = YES;
			};
			name = Release;
		};
		849E970820F9A003006D2BEB /* Debug */ = {
			isa = XCBuildConfiguration;
			buildSettings = {
				ASSETCATALOG_COMPILER_APPICON_NAME = AppIcon;
				CODE_SIGN_STYLE = Automatic;
				INFOPLIST_FILE = NHSC/Info.plist;
				LD_RUNPATH_SEARCH_PATHS = "$(inherited) @executable_path/Frameworks";
				PRODUCT_BUNDLE_IDENTIFIER = mysapcetechnologies.NHSC;
				PRODUCT_NAME = "$(TARGET_NAME)";
				SWIFT_VERSION = 4.0;
				TARGETED_DEVICE_FAMILY = 1;
			};
			name = Debug;
		};
		849E970920F9A003006D2BEB /* Release */ = {
			isa = XCBuildConfiguration;
			buildSettings = {
				ASSETCATALOG_COMPILER_APPICON_NAME = AppIcon;
				CODE_SIGN_STYLE = Automatic;
				INFOPLIST_FILE = NHSC/Info.plist;
				LD_RUNPATH_SEARCH_PATHS = "$(inherited) @executable_path/Frameworks";
				PRODUCT_BUNDLE_IDENTIFIER = mysapcetechnologies.NHSC;
				PRODUCT_NAME = "$(TARGET_NAME)";
				SWIFT_VERSION = 4.0;
				TARGETED_DEVICE_FAMILY = 1;
			};
			name = Release;
		};
		849E970B20F9A003006D2BEB /* Debug */ = {
			isa = XCBuildConfiguration;
			buildSettings = {
				ALWAYS_EMBED_SWIFT_STANDARD_LIBRARIES = YES;
				BUNDLE_LOADER = "$(TEST_HOST)";
				CODE_SIGN_STYLE = Automatic;
				INFOPLIST_FILE = NHSCTests/Info.plist;
				LD_RUNPATH_SEARCH_PATHS = "$(inherited) @executable_path/Frameworks @loader_path/Frameworks";
				PRODUCT_BUNDLE_IDENTIFIER = mysapcetechnologies.NHSCTests;
				PRODUCT_NAME = "$(TARGET_NAME)";
				SWIFT_VERSION = 4.0;
				TARGETED_DEVICE_FAMILY = "1,2";
				TEST_HOST = "$(BUILT_PRODUCTS_DIR)/NHSC.app/NHSC";
			};
			name = Debug;
		};
		849E970C20F9A003006D2BEB /* Release */ = {
			isa = XCBuildConfiguration;
			buildSettings = {
				ALWAYS_EMBED_SWIFT_STANDARD_LIBRARIES = YES;
				BUNDLE_LOADER = "$(TEST_HOST)";
				CODE_SIGN_STYLE = Automatic;
				INFOPLIST_FILE = NHSCTests/Info.plist;
				LD_RUNPATH_SEARCH_PATHS = "$(inherited) @executable_path/Frameworks @loader_path/Frameworks";
				PRODUCT_BUNDLE_IDENTIFIER = mysapcetechnologies.NHSCTests;
				PRODUCT_NAME = "$(TARGET_NAME)";
				SWIFT_VERSION = 4.0;
				TARGETED_DEVICE_FAMILY = "1,2";
				TEST_HOST = "$(BUILT_PRODUCTS_DIR)/NHSC.app/NHSC";
			};
			name = Release;
		};
/* End XCBuildConfiguration section */

/* Begin XCConfigurationList section */
		849E96E520F9A003006D2BEB /* Build configuration list for PBXProject "NHSC" */ = {
			isa = XCConfigurationList;
			buildConfigurations = (
				849E970520F9A003006D2BEB /* Debug */,
				849E970620F9A003006D2BEB /* Release */,
			);
			defaultConfigurationIsVisible = 0;
			defaultConfigurationName = Release;
		};
		849E970720F9A003006D2BEB /* Build configuration list for PBXNativeTarget "NHSC" */ = {
			isa = XCConfigurationList;
			buildConfigurations = (
				849E970820F9A003006D2BEB /* Debug */,
				849E970920F9A003006D2BEB /* Release */,
			);
			defaultConfigurationIsVisible = 0;
			defaultConfigurationName = Release;
		};
		849E970A20F9A003006D2BEB /* Build configuration list for PBXNativeTarget "NHSCTests" */ = {
			isa = XCConfigurationList;
			buildConfigurations = (
				849E970B20F9A003006D2BEB /* Debug */,
				849E970C20F9A003006D2BEB /* Release */,
			);
			defaultConfigurationIsVisible = 0;
			defaultConfigurationName = Release;
		};
/* End XCConfigurationList section */
	};
	rootObject = 849E96E220F9A003006D2BEB /* Project object */;
}
